{
  "requires": true,
  "lockfileVersion": 1,
  "dependencies": {
    "jeremias-easydom": {
      "version": "1.0.1",
      "resolved": "https://registry.npmjs.org/jeremias-easydom/-/jeremias-easydom-1.0.1.tgz",
      "integrity": "sha512-8s8dAJYkEsL8oMTd/UarMWVZ8iLQRG6IsKMk0pcFp4mi7S4AQp/f6J4GAM0bWpuwXpX8VTsMICcFRQDld1db2g=="
    },
    "jeremias-lib": {
      "version": "1.1.6",
      "resolved": "https://registry.npmjs.org/jeremias-lib/-/jeremias-lib-1.1.6.tgz",
      "integrity": "sha512-xR7yJf1Jn5Im1dnTeY8efsrr33itM74rrr7dMzt8EELmNQPz9Jv7tWQHzs5n2wzxK+xi4d6RtvAfthddNUEzog=="
    }
  }
}
